
Microsoft Visual Studio Solution File, Format Version 12.00
# Visual Studio Version 17
VisualStudioVersion = 17.13.35931.197
MinimumVisualStudioVersion = 10.0.40219.1
Project("{2150E333-8FDC-42A3-9474-1A3956D46DE8}") = "Services", "Services", "{02EA681E-C7D8-13C7-8484-4AC65E1B71E8}"
EndProject
Project("{2150E333-8FDC-42A3-9474-1A3956D46DE8}") = "Catalog", "Catalog", "{0669548B-0040-4463-BD4E-92457CC5A427}"
EndProject
Project("{FAE04EC0-301F-11D3-BF4B-00C04F79EFBC}") = "MultiShop.Catalog", "Services\Catalog\MultiShop.Catalog\MultiShop.Catalog.csproj", "{5CAD1EB6-3046-43B9-AC5A-07F04464D9EB}"
EndProject
Project("{2150E333-8FDC-42A3-9474-1A3956D46DE8}") = "Discount", "Discount", "{F9DEFCB4-DD4C-44B1-ACEA-AA954FFD56C3}"
EndProject
Project("{FAE04EC0-301F-11D3-BF4B-00C04F79EFBC}") = "MultiShop.Discount", "Services\Discount\MultiShop.Discount\MultiShop.Discount.csproj", "{8A93F243-E878-4F5D-8FF2-B34D65A95BE9}"
EndProject
Project("{2150E333-8FDC-42A3-9474-1A3956D46DE8}") = "Order", "Order", "{D186AD53-26E1-4A13-8B62-472B9122F3FF}"
EndProject
Project("{2150E333-8FDC-42A3-9474-1A3956D46DE8}") = "Core", "Core", "{5D119E29-8045-4799-A749-C1EDD4AB22D6}"
EndProject
Project("{2150E333-8FDC-42A3-9474-1A3956D46DE8}") = "Infrastructure", "Infrastructure", "{6D8E1AFC-012F-4ADB-8ED9-5E40281DAC08}"
EndProject
Project("{2150E333-8FDC-42A3-9474-1A3956D46DE8}") = "Presentation", "Presentation", "{BC16F0D8-10A7-437C-8323-4C985A5E6767}"
EndProject
Project("{FAE04EC0-301F-11D3-BF4B-00C04F79EFBC}") = "MultiShop.Order.Domain", "Services\Order\Core\MultiShop.Order.Domain\MultiShop.Order.Domain.csproj", "{18E3A815-9E1F-48D3-9E7E-CB7C7742432E}"
EndProject
Project("{FAE04EC0-301F-11D3-BF4B-00C04F79EFBC}") = "MultiShop.Order.Application", "Services\Order\Core\MultiShop.Order.Application\MultiShop.Order.Application.csproj", "{73DDDF7B-1DE3-46A8-A070-48E74FA71845}"
EndProject
Project("{FAE04EC0-301F-11D3-BF4B-00C04F79EFBC}") = "MultiShop.Order.Persistence", "Services\Order\Infrastructure\MultiShop.Order.Persistence\MultiShop.Order.Persistence.csproj", "{D26CD943-0439-4AD4-A8FB-473849B6093D}"
EndProject
Project("{FAE04EC0-301F-11D3-BF4B-00C04F79EFBC}") = "MultiShop.Order.WepApi", "Services\Order\Presentation\MultiShop.Order.WepApi\MultiShop.Order.WepApi.csproj", "{DE07B070-4B27-4499-BE78-1F4A6E53077E}"
EndProject
Global
	GlobalSection(SolutionConfigurationPlatforms) = preSolution
		Debug|Any CPU = Debug|Any CPU
		Release|Any CPU = Release|Any CPU
	EndGlobalSection
	GlobalSection(ProjectConfigurationPlatforms) = postSolution
		{5CAD1EB6-3046-43B9-AC5A-07F04464D9EB}.Debug|Any CPU.ActiveCfg = Debug|Any CPU
		{5CAD1EB6-3046-43B9-AC5A-07F04464D9EB}.Debug|Any CPU.Build.0 = Debug|Any CPU
		{5CAD1EB6-3046-43B9-AC5A-07F04464D9EB}.Release|Any CPU.ActiveCfg = Release|Any CPU
		{5CAD1EB6-3046-43B9-AC5A-07F04464D9EB}.Release|Any CPU.Build.0 = Release|Any CPU
		{8A93F243-E878-4F5D-8FF2-B34D65A95BE9}.Debug|Any CPU.ActiveCfg = Debug|Any CPU
		{8A93F243-E878-4F5D-8FF2-B34D65A95BE9}.Debug|Any CPU.Build.0 = Debug|Any CPU
		{8A93F243-E878-4F5D-8FF2-B34D65A95BE9}.Release|Any CPU.ActiveCfg = Release|Any CPU
		{8A93F243-E878-4F5D-8FF2-B34D65A95BE9}.Release|Any CPU.Build.0 = Release|Any CPU
		{18E3A815-9E1F-48D3-9E7E-CB7C7742432E}.Debug|Any CPU.ActiveCfg = Debug|Any CPU
		{18E3A815-9E1F-48D3-9E7E-CB7C7742432E}.Debug|Any CPU.Build.0 = Debug|Any CPU
		{18E3A815-9E1F-48D3-9E7E-CB7C7742432E}.Release|Any CPU.ActiveCfg = Release|Any CPU
		{18E3A815-9E1F-48D3-9E7E-CB7C7742432E}.Release|Any CPU.Build.0 = Release|Any CPU
		{73DDDF7B-1DE3-46A8-A070-48E74FA71845}.Debug|Any CPU.ActiveCfg = Debug|Any CPU
		{73DDDF7B-1DE3-46A8-A070-48E74FA71845}.Debug|Any CPU.Build.0 = Debug|Any CPU
		{73DDDF7B-1DE3-46A8-A070-48E74FA71845}.Release|Any CPU.ActiveCfg = Release|Any CPU
		{73DDDF7B-1DE3-46A8-A070-48E74FA71845}.Release|Any CPU.Build.0 = Release|Any CPU
		{D26CD943-0439-4AD4-A8FB-473849B6093D}.Debug|Any CPU.ActiveCfg = Debug|Any CPU
		{D26CD943-0439-4AD4-A8FB-473849B6093D}.Debug|Any CPU.Build.0 = Debug|Any CPU
		{D26CD943-0439-4AD4-A8FB-473849B6093D}.Release|Any CPU.ActiveCfg = Release|Any CPU
		{D26CD943-0439-4AD4-A8FB-473849B6093D}.Release|Any CPU.Build.0 = Release|Any CPU
		{DE07B070-4B27-4499-BE78-1F4A6E53077E}.Debug|Any CPU.ActiveCfg = Debug|Any CPU
		{DE07B070-4B27-4499-BE78-1F4A6E53077E}.Debug|Any CPU.Build.0 = Debug|Any CPU
		{DE07B070-4B27-4499-BE78-1F4A6E53077E}.Release|Any CPU.ActiveCfg = Release|Any CPU
		{DE07B070-4B27-4499-BE78-1F4A6E53077E}.Release|Any CPU.Build.0 = Release|Any CPU
	EndGlobalSection
	GlobalSection(SolutionProperties) = preSolution
		HideSolutionNode = FALSE
	EndGlobalSection
	GlobalSection(NestedProjects) = preSolution
		{0669548B-0040-4463-BD4E-92457CC5A427} = {02EA681E-C7D8-13C7-8484-4AC65E1B71E8}
		{5CAD1EB6-3046-43B9-AC5A-07F04464D9EB} = {0669548B-0040-4463-BD4E-92457CC5A427}
		{F9DEFCB4-DD4C-44B1-ACEA-AA954FFD56C3} = {02EA681E-C7D8-13C7-8484-4AC65E1B71E8}
		{8A93F243-E878-4F5D-8FF2-B34D65A95BE9} = {F9DEFCB4-DD4C-44B1-ACEA-AA954FFD56C3}
		{D186AD53-26E1-4A13-8B62-472B9122F3FF} = {02EA681E-C7D8-13C7-8484-4AC65E1B71E8}
		{5D119E29-8045-4799-A749-C1EDD4AB22D6} = {D186AD53-26E1-4A13-8B62-472B9122F3FF}
		{6D8E1AFC-012F-4ADB-8ED9-5E40281DAC08} = {D186AD53-26E1-4A13-8B62-472B9122F3FF}
		{BC16F0D8-10A7-437C-8323-4C985A5E6767} = {D186AD53-26E1-4A13-8B62-472B9122F3FF}
		{18E3A815-9E1F-48D3-9E7E-CB7C7742432E} = {5D119E29-8045-4799-A749-C1EDD4AB22D6}
		{73DDDF7B-1DE3-46A8-A070-48E74FA71845} = {5D119E29-8045-4799-A749-C1EDD4AB22D6}
		{D26CD943-0439-4AD4-A8FB-473849B6093D} = {6D8E1AFC-012F-4ADB-8ED9-5E40281DAC08}
		{DE07B070-4B27-4499-BE78-1F4A6E53077E} = {BC16F0D8-10A7-437C-8323-4C985A5E6767}
	EndGlobalSection
	GlobalSection(ExtensibilityGlobals) = postSolution
		SolutionGuid = {C1DF1A3F-9011-43F4-AF7D-87DBCC575799}
	EndGlobalSection
EndGlobal
